// !$*UTF8*$!
{
	archiveVersion = 1;
	classes = {
	};
	objectVersion = 46;
	objects = {

/* Begin PBXBuildFile section */
		3F7869FB1E4CF91F00EED0C0 /* main.m in Sources */ = {isa = PBXBuildFile; fileRef = 3F7869FA1E4CF91F00EED0C0 /* main.m */; };
		3F786A031E4CF9C100EED0C0 /* Doctor.m in Sources */ = {isa = PBXBuildFile; fileRef = 3F786A021E4CF9C100EED0C0 /* Doctor.m */; };
		3F786A061E4CF9CD00EED0C0 /* Patient.m in Sources */ = {isa = PBXBuildFile; fileRef = 3F786A051E4CF9CD00EED0C0 /* Patient.m */; };
/* End PBXBuildFile section */

/* Begin PBXCopyFilesBuildPhase section */
		3F7869F51E4CF91F00EED0C0 /* CopyFiles */ = {
			isa = PBXCopyFilesBuildPhase;
			buildActionMask = 2147483647;
			dstPath = /usr/share/man/man1/;
			dstSubfolderSpec = 0;
			files = (
			);
			runOnlyForDeploymentPostprocessing = 1;
		};
/* End PBXCopyFilesBuildPhase section */

/* Begin PBXFileReference section */
		3F7869F71E4CF91F00EED0C0 /* Patient & Doctor */ = {isa = PBXFileReference; explicitFileType = "compiled.mach-o.executable"; includeInIndex = 0; path = "Patient & Doctor"; sourceTree = BUILT_PRODUCTS_DIR; };
		3F7869FA1E4CF91F00EED0C0 /* main.m */ = {isa = PBXFileReference; lastKnownFileType = sourcecode.c.objc; path = main.m; sourceTree = "<group>"; };
		3F786A011E4CF9C100EED0C0 /* Doctor.h */ = {isa = PBXFileReference; fileEncoding = 4; lastKnownFileType = sourcecode.c.h; path = Doctor.h; sourceTree = "<group>"; };
		3F786A021E4CF9C100EED0C0 /* Doctor.m */ = {isa = PBXFileReference; fileEncoding = 4; lastKnownFileType = sourcecode.c.objc; path = Doctor.m; sourceTree = "<group>"; };
		3F786A041E4CF9CD00EED0C0 /* Patient.h */ = {isa = PBXFileReference; fileEncoding = 4; lastKnownFileType = sourcecode.c.h; path = Patient.h; sourceTree = "<group>"; };
		3F786A051E4CF9CD00EED0C0 /* Patient.m */ = {isa = PBXFileReference; fileEncoding = 4; lastKnownFileType = sourcecode.c.objc; path = Patient.m; sourceTree = "<group>"; };
/* End PBXFileReference section */

/* Begin PBXFrameworksBuildPhase section */
		3F7869F41E4CF91F00EED0C0 /* Frameworks */ = {
			isa = PBXFrameworksBuildPhase;
			buildActionMask = 2147483647;
			files = (
			);
			runOnlyForDeploymentPostprocessing = 0;
		};
/* End PBXFrameworksBuildPhase section */

/* Begin PBXGroup section */
		3F7869EE1E4CF91F00EED0C0 = {
			isa = PBXGroup;
			children = (
				3F7869F91E4CF91F00EED0C0 /* Patient & Doctor */,
				3F7869F81E4CF91F00EED0C0 /* Products */,
			);
			sourceTree = "<group>";
		};
		3F7869F81E4CF91F00EED0C0 /* Products */ = {
			isa = PBXGroup;
			children = (
				3F7869F71E4CF91F00EED0C0 /* Patient & Doctor */,
			);
			name = Products;
			sourceTree = "<group>";
		};
		3F7869F91E4CF91F00EED0C0 /* Patient & Doctor */ = {
			isa = PBXGroup;
			children = (
				3F7869FA1E4CF91F00EED0C0 /* main.m */,
				3F786A011E4CF9C100EED0C0 /* Doctor.h */,
				3F786A021E4CF9C100EED0C0 /* Doctor.m */,
				3F786A041E4CF9CD00EED0C0 /* Patient.h */,
				3F786A051E4CF9CD00EED0C0 /* Patient.m */,
			);
			path = "Patient & Doctor";
			sourceTree = "<group>";
		};
/* End PBXGroup section */

/* Begin PBXNativeTarget section */
		3F7869F61E4CF91F00EED0C0 /* Patient & Doctor */ = {
			isa = PBXNativeTarget;
			buildConfigurationList = 3F7869FE1E4CF91F00EED0C0 /* Build configuration list for PBXNativeTarget "Patient & Doctor" */;
			buildPhases = (
				3F7869F31E4CF91F00EED0C0 /* Sources */,
				3F7869F41E4CF91F00EED0C0 /* Frameworks */,
				3F7869F51E4CF91F00EED0C0 /* CopyFiles */,
			);
			buildRules = (
			);
			dependencies = (
			);
			name = "Patient & Doctor";
			productName = "Patient & Doctor";
			productReference = 3F7869F71E4CF91F00EED0C0 /* Patient & Doctor */;
			productType = "com.apple.product-type.tool";
		};
/* End PBXNativeTarget section */

/* Begin PBXProject section */
		3F7869EF1E4CF91F00EED0C0 /* Project object */ = {
			isa = PBXProject;
			attributes = {
				LastUpgradeCheck = 0810;
				ORGANIZATIONNAME = "Callum Davies";
				TargetAttributes = {
					3F7869F61E4CF91F00EED0C0 = {
						CreatedOnToolsVersion = 8.1;
						ProvisioningStyle = Automatic;
					};
				};
			};
			buildConfigurationList = 3F7869F21E4CF91F00EED0C0 /* Build configuration list for PBXProject "Patient & Doctor" */;
			compatibilityVersion = "Xcode 3.2";
			developmentRegion = English;
			hasScannedForEncodings = 0;
			knownRegions = (
				en,
			);
			mainGroup = 3F7869EE1E4CF91F00EED0C0;
			productRefGroup = 3F7869F81E4CF91F00EED0C0 /* Products */;
			projectDirPath = "";
			projectRoot = "";
			targets = (
				3F7869F61E4CF91F00EED0C0 /* Patient & Doctor */,
			);
		};
/* End PBXProject section */

/* Begin PBXSourcesBuildPhase section */
		3F7869F31E4CF91F00EED0C0 /* Sources */ = {
			isa = PBXSourcesBuildPhase;
			buildActionMask = 2147483647;
			files = (
				3F786A061E4CF9CD00EED0C0 /* Patient.m in Sources */,
				3F786A031E4CF9C100EED0C0 /* Doctor.m in Sources */,
				3F7869FB1E4CF91F00EED0C0 /* main.m in Sources */,
			);
			runOnlyForDeploymentPostprocessing = 0;
		};
/* End PBXSourcesBuildPhase section */

/* Begin XCBuildConfiguration section */
		3F7869FC1E4CF91F00EED0C0 /* Debug */ = {
			isa = XCBuildConfiguration;
			buildSettings = {
				ALWAYS_SEARCH_USER_PATHS = NO;
				CLANG_ANALYZER_NONNULL = YES;
				CLANG_CXX_LANGUAGE_STANDARD = "gnu++0x";
				CLANG_CXX_LIBRARY = "libc++";
				CLANG_ENABLE_MODULES = YES;
				CLANG_ENABLE_OBJC_ARC = YES;
				CLANG_WARN_BOOL_CONVERSION = YES;
				CLANG_WARN_CONSTANT_CONVERSION = YES;
				CLANG_WARN_DIRECT_OBJC_ISA_USAGE = YES_ERROR;
				CLANG_WARN_DOCUMENTATION_COMMENTS = YES;
				CLANG_WARN_EMPTY_BODY = YES;
				CLANG_WARN_ENUM_CONVERSION = YES;
				CLANG_WARN_INFINITE_RECURSION = YES;
				CLANG_WARN_INT_CONVERSION = YES;
				CLANG_WARN_OBJC_ROOT_CLASS = YES_ERROR;
				CLANG_WARN_SUSPICIOUS_MOVES = YES;
				CLANG_WARN_UNREACHABLE_CODE = YES;
				CLANG_WARN__DUPLICATE_METHOD_MATCH = YES;
				CODE_SIGN_IDENTITY = "-";
				COPY_PHASE_STRIP = NO;
				DEBUG_INFORMATION_FORMAT = dwarf;
				ENABLE_STRICT_OBJC_MSGSEND = YES;
				ENABLE_TESTABILITY = YES;
				GCC_C_LANGUAGE_STANDARD = gnu99;
				GCC_DYNAMIC_NO_PIC = NO;
				GCC_NO_COMMON_BLOCKS = YES;
				GCC_OPTIMIZATION_LEVEL = 0;
				GCC_PREPROCESSOR_DEFINITIONS = (
					"DEBUG=1",
					"$(inherited)",
				);
				GCC_WARN_64_TO_32_BIT_CONVERSION = YES;
				GCC_WARN_ABOUT_RETURN_TYPE = YES_ERROR;
				GCC_WARN_UNDECLARED_SELECTOR = YES;
				GCC_WARN_UNINITIALIZED_AUTOS = YES_AGGRESSIVE;
				GCC_WARN_UNUSED_FUNCTION = YES;
				GCC_WARN_UNUSED_VARIABLE = YES;
				MACOSX_DEPLOYMENT_TARGET = 10.12;
				MTL_ENABLE_DEBUG_INFO = YES;
				ONLY_ACTIVE_ARCH = YES;
				SDKROOT = macosx;
			};
			name = Debug;
		};
		3F7869FD1E4CF91F00EED0C0 /* Release */ = {
			isa = XCBuildConfiguration;
			buildSettings = {
				ALWAYS_SEARCH_USER_PATHS = NO;
				CLANG_ANALYZER_NONNULL = YES;
				CLANG_CXX_LANGUAGE_STANDARD = "gnu++0x";
				CLANG_CXX_LIBRARY = "libc++";
				CLANG_ENABLE_MODULES = YES;
				CLANG_ENABLE_OBJC_ARC = YES;
				CLANG_WARN_BOOL_CONVERSION = YES;
				CLANG_WARN_CONSTANT_CONVERSION = YES;
				CLANG_WARN_DIRECT_OBJC_ISA_USAGE = YES_ERROR;
				CLANG_WARN_DOCUMENTATION_COMMENTS = YES;
				CLANG_WARN_EMPTY_BODY = YES;
				CLANG_WARN_ENUM_CONVERSION = YES;
				CLANG_WARN_INFINITE_RECURSION = YES;
				CLANG_WARN_INT_CONVERSION = YES;
				CLANG_WARN_OBJC_ROOT_CLASS = YES_ERROR;
				CLANG_WARN_SUSPICIOUS_MOVES = YES;
				CLANG_WARN_UNREACHABLE_CODE = YES;
				CLANG_WARN__DUPLICATE_METHOD_MATCH = YES;
				CODE_SIGN_IDENTITY = "-";
				COPY_PHASE_STRIP = NO;
				DEBUG_INFORMATION_FORMAT = "dwarf-with-dsym";
				ENABLE_NS_ASSERTIONS = NO;
				ENABLE_STRICT_OBJC_MSGSEND = YES;
				GCC_C_LANGUAGE_STANDARD = gnu99;
				GCC_NO_COMMON_BLOCKS = YES;
				GCC_WARN_64_TO_32_BIT_CONVERSION = YES;
				GCC_WARN_ABOUT_RETURN_TYPE = YES_ERROR;
				GCC_WARN_UNDECLARED_SELECTOR = YES;
				GCC_WARN_UNINITIALIZED_AUTOS = YES_AGGRESSIVE;
				GCC_WARN_UNUSED_FUNCTION = YES;
				GCC_WARN_UNUSED_VARIABLE = YES;
				MACOSX_DEPLOYMENT_TARGET = 10.12;
				MTL_ENABLE_DEBUG_INFO = NO;
				SDKROOT = macosx;
			};
			name = Release;
		};
		3F7869FF1E4CF91F00EED0C0 /* Debug */ = {
			isa = XCBuildConfiguration;
			buildSettings = {
				PRODUCT_NAME = "$(TARGET_NAME)";
			};
			name = Debug;
		};
		3F786A001E4CF91F00EED0C0 /* Release */ = {
			isa = XCBuildConfiguration;
			buildSettings = {
				PRODUCT_NAME = "$(TARGET_NAME)";
			};
			name = Release;
		};
/* End XCBuildConfiguration section */

/* Begin XCConfigurationList section */
		3F7869F21E4CF91F00EED0C0 /* Build configuration list for PBXProject "Patient & Doctor" */ = {
			isa = XCConfigurationList;
			buildConfigurations = (
				3F7869FC1E4CF91F00EED0C0 /* Debug */,
				3F7869FD1E4CF91F00EED0C0 /* Release */,
			);
			defaultConfigurationIsVisible = 0;
			defaultConfigurationName = Release;
		};
		3F7869FE1E4CF91F00EED0C0 /* Build configuration list for PBXNativeTarget "Patient & Doctor" */ = {
			isa = XCConfigurationList;
			buildConfigurations = (
				3F7869FF1E4CF91F00EED0C0 /* Debug */,
				3F786A001E4CF91F00EED0C0 /* Release */,
			);
			defaultConfigurationIsVisible = 0;
		};
/* End XCConfigurationList section */
	};
	rootObject = 3F7869EF1E4CF91F00EED0C0 /* Project object */;
}
